// !$*UTF8*$!
{
	archiveVersion = 1;
	classes = {
	};
	objectVersion = 46;
	objects = {

/* Begin PBXBuildFile section */
		3D5B28D61BD1867C0082AF4F /* AppDelegate.swift in Sources */ = {isa = PBXBuildFile; fileRef = 3D5B28D51BD1867C0082AF4F /* AppDelegate.swift */; };
		3D5B28D81BD1867C0082AF4F /* ViewController.swift in Sources */ = {isa = PBXBuildFile; fileRef = 3D5B28D71BD1867C0082AF4F /* ViewController.swift */; };
		3D5B28DB1BD1867C0082AF4F /* Main.storyboard in Resources */ = {isa = PBXBuildFile; fileRef = 3D5B28D91BD1867C0082AF4F /* Main.storyboard */; };
		3D5B28DD1BD1867C0082AF4F /* Assets.xcassets in Resources */ = {isa = PBXBuildFile; fileRef = 3D5B28DC1BD1867C0082AF4F /* Assets.xcassets */; };
		3D5B28E01BD1867C0082AF4F /* LaunchScreen.storyboard in Resources */ = {isa = PBXBuildFile; fileRef = 3D5B28DE1BD1867C0082AF4F /* LaunchScreen.storyboard */; };
		3D5B28EB1BD1867C0082AF4F /* PollzV1Tests.swift in Sources */ = {isa = PBXBuildFile; fileRef = 3D5B28EA1BD1867C0082AF4F /* PollzV1Tests.swift */; };
		3D5B28F61BD1867C0082AF4F /* PollzV1UITests.swift in Sources */ = {isa = PBXBuildFile; fileRef = 3D5B28F51BD1867C0082AF4F /* PollzV1UITests.swift */; };
/* End PBXBuildFile section */

/* Begin PBXContainerItemProxy section */
		3D5B28E71BD1867C0082AF4F /* PBXContainerItemProxy */ = {
			isa = PBXContainerItemProxy;
			containerPortal = 3D5B28CA1BD1867B0082AF4F /* Project object */;
			proxyType = 1;
			remoteGlobalIDString = 3D5B28D11BD1867B0082AF4F;
			remoteInfo = PollzV1;
		};
		3D5B28F21BD1867C0082AF4F /* PBXContainerItemProxy */ = {
			isa = PBXContainerItemProxy;
			containerPortal = 3D5B28CA1BD1867B0082AF4F /* Project object */;
			proxyType = 1;
			remoteGlobalIDString = 3D5B28D11BD1867B0082AF4F;
			remoteInfo = PollzV1;
		};
/* End PBXContainerItemProxy section */

/* Begin PBXFileReference section */
		3D5B28D21BD1867C0082AF4F /* PollzV1.app */ = {isa = PBXFileReference; explicitFileType = wrapper.application; includeInIndex = 0; path = PollzV1.app; sourceTree = BUILT_PRODUCTS_DIR; };
		3D5B28D51BD1867C0082AF4F /* AppDelegate.swift */ = {isa = PBXFileReference; lastKnownFileType = sourcecode.swift; path = AppDelegate.swift; sourceTree = "<group>"; };
		3D5B28D71BD1867C0082AF4F /* ViewController.swift */ = {isa = PBXFileReference; lastKnownFileType = sourcecode.swift; path = ViewController.swift; sourceTree = "<group>"; };
		3D5B28DA1BD1867C0082AF4F /* Base */ = {isa = PBXFileReference; lastKnownFileType = file.storyboard; name = Base; path = Base.lproj/Main.storyboard; sourceTree = "<group>"; };
		3D5B28DC1BD1867C0082AF4F /* Assets.xcassets */ = {isa = PBXFileReference; lastKnownFileType = folder.assetcatalog; path = Assets.xcassets; sourceTree = "<group>"; };
		3D5B28DF1BD1867C0082AF4F /* Base */ = {isa = PBXFileReference; lastKnownFileType = file.storyboard; name = Base; path = Base.lproj/LaunchScreen.storyboard; sourceTree = "<group>"; };
		3D5B28E11BD1867C0082AF4F /* Info.plist */ = {isa = PBXFileReference; lastKnownFileType = text.plist.xml; path = Info.plist; sourceTree = "<group>"; };
		3D5B28E61BD1867C0082AF4F /* PollzV1Tests.xctest */ = {isa = PBXFileReference; explicitFileType = wrapper.cfbundle; includeInIndex = 0; path = PollzV1Tests.xctest; sourceTree = BUILT_PRODUCTS_DIR; };
		3D5B28EA1BD1867C0082AF4F /* PollzV1Tests.swift */ = {isa = PBXFileReference; lastKnownFileType = sourcecode.swift; path = PollzV1Tests.swift; sourceTree = "<group>"; };
		3D5B28EC1BD1867C0082AF4F /* Info.plist */ = {isa = PBXFileReference; lastKnownFileType = text.plist.xml; path = Info.plist; sourceTree = "<group>"; };
		3D5B28F11BD1867C0082AF4F /* PollzV1UITests.xctest */ = {isa = PBXFileReference; explicitFileType = wrapper.cfbundle; includeInIndex = 0; path = PollzV1UITests.xctest; sourceTree = BUILT_PRODUCTS_DIR; };
		3D5B28F51BD1867C0082AF4F /* PollzV1UITests.swift */ = {isa = PBXFileReference; lastKnownFileType = sourcecode.swift; path = PollzV1UITests.swift; sourceTree = "<group>"; };
		3D5B28F71BD1867C0082AF4F /* Info.plist */ = {isa = PBXFileReference; lastKnownFileType = text.plist.xml; path = Info.plist; sourceTree = "<group>"; };
/* End PBXFileReference section */

/* Begin PBXFrameworksBuildPhase section */
		3D5B28CF1BD1867B0082AF4F /* Frameworks */ = {
			isa = PBXFrameworksBuildPhase;
			buildActionMask = 2147483647;
			files = (
			);
			runOnlyForDeploymentPostprocessing = 0;
		};
		3D5B28E31BD1867C0082AF4F /* Frameworks */ = {
			isa = PBXFrameworksBuildPhase;
			buildActionMask = 2147483647;
			files = (
			);
			runOnlyForDeploymentPostprocessing = 0;
		};
		3D5B28EE1BD1867C0082AF4F /* Frameworks */ = {
			isa = PBXFrameworksBuildPhase;
			buildActionMask = 2147483647;
			files = (
			);
			runOnlyForDeploymentPostprocessing = 0;
		};
/* End PBXFrameworksBuildPhase section */

/* Begin PBXGroup section */
		3D5B28C91BD1867B0082AF4F = {
			isa = PBXGroup;
			children = (
				3D5B28D41BD1867C0082AF4F /* PollzV1 */,
				3D5B28E91BD1867C0082AF4F /* PollzV1Tests */,
				3D5B28F41BD1867C0082AF4F /* PollzV1UITests */,
				3D5B28D31BD1867C0082AF4F /* Products */,
			);
			sourceTree = "<group>";
		};
		3D5B28D31BD1867C0082AF4F /* Products */ = {
			isa = PBXGroup;
			children = (
				3D5B28D21BD1867C0082AF4F /* PollzV1.app */,
				3D5B28E61BD1867C0082AF4F /* PollzV1Tests.xctest */,
				3D5B28F11BD1867C0082AF4F /* PollzV1UITests.xctest */,
			);
			name = Products;
			sourceTree = "<group>";
		};
		3D5B28D41BD1867C0082AF4F /* PollzV1 */ = {
			isa = PBXGroup;
			children = (
				3D5B28D51BD1867C0082AF4F /* AppDelegate.swift */,
				3D5B28D71BD1867C0082AF4F /* ViewController.swift */,
				3D5B28D91BD1867C0082AF4F /* Main.storyboard */,
				3D5B28DC1BD1867C0082AF4F /* Assets.xcassets */,
				3D5B28DE1BD1867C0082AF4F /* LaunchScreen.storyboard */,
				3D5B28E11BD1867C0082AF4F /* Info.plist */,
			);
			path = PollzV1;
			sourceTree = "<group>";
		};
		3D5B28E91BD1867C0082AF4F /* PollzV1Tests */ = {
			isa = PBXGroup;
			children = (
				3D5B28EA1BD1867C0082AF4F /* PollzV1Tests.swift */,
				3D5B28EC1BD1867C0082AF4F /* Info.plist */,
			);
			path = PollzV1Tests;
			sourceTree = "<group>";
		};
		3D5B28F41BD1867C0082AF4F /* PollzV1UITests */ = {
			isa = PBXGroup;
			children = (
				3D5B28F51BD1867C0082AF4F /* PollzV1UITests.swift */,
				3D5B28F71BD1867C0082AF4F /* Info.plist */,
			);
			path = PollzV1UITests;
			sourceTree = "<group>";
		};
/* End PBXGroup section */

/* Begin PBXNativeTarget section */
		3D5B28D11BD1867B0082AF4F /* PollzV1 */ = {
			isa = PBXNativeTarget;
			buildConfigurationList = 3D5B28FA1BD1867C0082AF4F /* Build configuration list for PBXNativeTarget "PollzV1" */;
			buildPhases = (
				3D5B28CE1BD1867B0082AF4F /* Sources */,
				3D5B28CF1BD1867B0082AF4F /* Frameworks */,
				3D5B28D01BD1867B0082AF4F /* Resources */,
			);
			buildRules = (
			);
			dependencies = (
			);
			name = PollzV1;
			productName = PollzV1;
			productReference = 3D5B28D21BD1867C0082AF4F /* PollzV1.app */;
			productType = "com.apple.product-type.application";
		};
		3D5B28E51BD1867C0082AF4F /* PollzV1Tests */ = {
			isa = PBXNativeTarget;
			buildConfigurationList = 3D5B28FD1BD1867C0082AF4F /* Build configuration list for PBXNativeTarget "PollzV1Tests" */;
			buildPhases = (
				3D5B28E21BD1867C0082AF4F /* Sources */,
				3D5B28E31BD1867C0082AF4F /* Frameworks */,
				3D5B28E41BD1867C0082AF4F /* Resources */,
			);
			buildRules = (
			);
			dependencies = (
				3D5B28E81BD1867C0082AF4F /* PBXTargetDependency */,
			);
			name = PollzV1Tests;
			productName = PollzV1Tests;
			productReference = 3D5B28E61BD1867C0082AF4F /* PollzV1Tests.xctest */;
			productType = "com.apple.product-type.bundle.unit-test";
		};
		3D5B28F01BD1867C0082AF4F /* PollzV1UITests */ = {
			isa = PBXNativeTarget;
			buildConfigurationList = 3D5B29001BD1867C0082AF4F /* Build configuration list for PBXNativeTarget "PollzV1UITests" */;
			buildPhases = (
				3D5B28ED1BD1867C0082AF4F /* Sources */,
				3D5B28EE1BD1867C0082AF4F /* Frameworks */,
				3D5B28EF1BD1867C0082AF4F /* Resources */,
			);
			buildRules = (
			);
			dependencies = (
				3D5B28F31BD1867C0082AF4F /* PBXTargetDependency */,
			);
			name = PollzV1UITests;
			productName = PollzV1UITests;
			productReference = 3D5B28F11BD1867C0082AF4F /* PollzV1UITests.xctest */;
			productType = "com.apple.product-type.bundle.ui-testing";
		};
/* End PBXNativeTarget section */

/* Begin PBXProject section */
		3D5B28CA1BD1867B0082AF4F /* Project object */ = {
			isa = PBXProject;
			attributes = {
				LastUpgradeCheck = 0700;
				ORGANIZATIONNAME = "Jake Leventhal";
				TargetAttributes = {
					3D5B28D11BD1867B0082AF4F = {
						CreatedOnToolsVersion = 7.0.1;
						DevelopmentTeam = BNKA7GN2H2;
					};
					3D5B28E51BD1867C0082AF4F = {
						CreatedOnToolsVersion = 7.0.1;
						DevelopmentTeam = BNKA7GN2H2;
						TestTargetID = 3D5B28D11BD1867B0082AF4F;
					};
					3D5B28F01BD1867C0082AF4F = {
						CreatedOnToolsVersion = 7.0.1;
						DevelopmentTeam = BNKA7GN2H2;
						TestTargetID = 3D5B28D11BD1867B0082AF4F;
					};
				};
			};
			buildConfigurationList = 3D5B28CD1BD1867B0082AF4F /* Build configuration list for PBXProject "PollzV1" */;
			compatibilityVersion = "Xcode 3.2";
			developmentRegion = English;
			hasScannedForEncodings = 0;
			knownRegions = (
				en,
				Base,
			);
			mainGroup = 3D5B28C91BD1867B0082AF4F;
			productRefGroup = 3D5B28D31BD1867C0082AF4F /* Products */;
			projectDirPath = "";
			projectRoot = "";
			targets = (
				3D5B28D11BD1867B0082AF4F /* PollzV1 */,
				3D5B28E51BD1867C0082AF4F /* PollzV1Tests */,
				3D5B28F01BD1867C0082AF4F /* PollzV1UITests */,
			);
		};
/* End PBXProject section */

/* Begin PBXResourcesBuildPhase section */
		3D5B28D01BD1867B0082AF4F /* Resources */ = {
			isa = PBXResourcesBuildPhase;
			buildActionMask = 2147483647;
			files = (
				3D5B28E01BD1867C0082AF4F /* LaunchScreen.storyboard in Resources */,
				3D5B28DD1BD1867C0082AF4F /* Assets.xcassets in Resources */,
				3D5B28DB1BD1867C0082AF4F /* Main.storyboard in Resources */,
			);
			runOnlyForDeploymentPostprocessing = 0;
		};
		3D5B28E41BD1867C0082AF4F /* Resources */ = {
			isa = PBXResourcesBuildPhase;
			buildActionMask = 2147483647;
			files = (
			);
			runOnlyForDeploymentPostprocessing = 0;
		};
		3D5B28EF1BD1867C0082AF4F /* Resources */ = {
			isa = PBXResourcesBuildPhase;
			buildActionMask = 2147483647;
			files = (
			);
			runOnlyForDeploymentPostprocessing = 0;
		};
/* End PBXResourcesBuildPhase section */

/* Begin PBXSourcesBuildPhase section */
		3D5B28CE1BD1867B0082AF4F /* Sources */ = {
			isa = PBXSourcesBuildPhase;
			buildActionMask = 2147483647;
			files = (
				3D5B28D81BD1867C0082AF4F /* ViewController.swift in Sources */,
				3D5B28D61BD1867C0082AF4F /* AppDelegate.swift in Sources */,
			);
			runOnlyForDeploymentPostprocessing = 0;
		};
		3D5B28E21BD1867C0082AF4F /* Sources */ = {
			isa = PBXSourcesBuildPhase;
			buildActionMask = 2147483647;
			files = (
				3D5B28EB1BD1867C0082AF4F /* PollzV1Tests.swift in Sources */,
			);
			runOnlyForDeploymentPostprocessing = 0;
		};
		3D5B28ED1BD1867C0082AF4F /* Sources */ = {
			isa = PBXSourcesBuildPhase;
			buildActionMask = 2147483647;
			files = (
				3D5B28F61BD1867C0082AF4F /* PollzV1UITests.swift in Sources */,
			);
			runOnlyForDeploymentPostprocessing = 0;
		};
/* End PBXSourcesBuildPhase section */

/* Begin PBXTargetDependency section */
		3D5B28E81BD1867C0082AF4F /* PBXTargetDependency */ = {
			isa = PBXTargetDependency;
			target = 3D5B28D11BD1867B0082AF4F /* PollzV1 */;
			targetProxy = 3D5B28E71BD1867C0082AF4F /* PBXContainerItemProxy */;
		};
		3D5B28F31BD1867C0082AF4F /* PBXTargetDependency */ = {
			isa = PBXTargetDependency;
			target = 3D5B28D11BD1867B0082AF4F /* PollzV1 */;
			targetProxy = 3D5B28F21BD1867C0082AF4F /* PBXContainerItemProxy */;
		};
/* End PBXTargetDependency section */

/* Begin PBXVariantGroup section */
		3D5B28D91BD1867C0082AF4F /* Main.storyboard */ = {
			isa = PBXVariantGroup;
			children = (
				3D5B28DA1BD1867C0082AF4F /* Base */,
			);
			name = Main.storyboard;
			sourceTree = "<group>";
		};
		3D5B28DE1BD1867C0082AF4F /* LaunchScreen.storyboard */ = {
			isa = PBXVariantGroup;
			children = (
				3D5B28DF1BD1867C0082AF4F /* Base */,
			);
			name = LaunchScreen.storyboard;
			sourceTree = "<group>";
		};
/* End PBXVariantGroup section */

/* Begin XCBuildConfiguration section */
		3D5B28F81BD1867C0082AF4F /* Debug */ = {
			isa = XCBuildConfiguration;
			buildSettings = {
				ALWAYS_SEARCH_USER_PATHS = NO;
				CLANG_CXX_LANGUAGE_STANDARD = "gnu++0x";
				CLANG_CXX_LIBRARY = "libc++";
				CLANG_ENABLE_MODULES = YES;
				CLANG_ENABLE_OBJC_ARC = YES;
				CLANG_WARN_BOOL_CONVERSION = YES;
				CLANG_WARN_CONSTANT_CONVERSION = YES;
				CLANG_WARN_DIRECT_OBJC_ISA_USAGE = YES_ERROR;
				CLANG_WARN_EMPTY_BODY = YES;
				CLANG_WARN_ENUM_CONVERSION = YES;
				CLANG_WARN_INT_CONVERSION = YES;
				CLANG_WARN_OBJC_ROOT_CLASS = YES_ERROR;
				CLANG_WARN_UNREACHABLE_CODE = YES;
				CLANG_WARN__DUPLICATE_METHOD_MATCH = YES;
				"CODE_SIGN_IDENTITY[sdk=iphoneos*]" = "iPhone Developer";
				COPY_PHASE_STRIP = NO;
				DEBUG_INFORMATION_FORMAT = dwarf;
				ENABLE_STRICT_OBJC_MSGSEND = YES;
				ENABLE_TESTABILITY = YES;
				GCC_C_LANGUAGE_STANDARD = gnu99;
				GCC_DYNAMIC_NO_PIC = NO;
				GCC_NO_COMMON_BLOCKS = YES;
				GCC_OPTIMIZATION_LEVEL = 0;
				GCC_PREPROCESSOR_DEFINITIONS = (
					"DEBUG=1",
					"$(inherited)",
				);
				GCC_WARN_64_TO_32_BIT_CONVERSION = YES;
				GCC_WARN_ABOUT_RETURN_TYPE = YES_ERROR;
				GCC_WARN_UNDECLARED_SELECTOR = YES;
				GCC_WARN_UNINITIALIZED_AUTOS = YES_AGGRESSIVE;
				GCC_WARN_UNUSED_FUNCTION = YES;
				GCC_WARN_UNUSED_VARIABLE = YES;
				IPHONEOS_DEPLOYMENT_TARGET = 9.0;
				MTL_ENABLE_DEBUG_INFO = YES;
				ONLY_ACTIVE_ARCH = YES;
				SDKROOT = iphoneos;
				SWIFT_OPTIMIZATION_LEVEL = "-Onone";
				TARGETED_DEVICE_FAMILY = "1,2";
			};
			name = Debug;
		};
		3D5B28F91BD1867C0082AF4F /* Release */ = {
			isa = XCBuildConfiguration;
			buildSettings = {
				ALWAYS_SEARCH_USER_PATHS = NO;
				CLANG_CXX_LANGUAGE_STANDARD = "gnu++0x";
				CLANG_CXX_LIBRARY = "libc++";
				CLANG_ENABLE_MODULES = YES;
				CLANG_ENABLE_OBJC_ARC = YES;
				CLANG_WARN_BOOL_CONVERSION = YES;
				CLANG_WARN_CONSTANT_CONVERSION = YES;
				CLANG_WARN_DIRECT_OBJC_ISA_USAGE = YES_ERROR;
				CLANG_WARN_EMPTY_BODY = YES;
				CLANG_WARN_ENUM_CONVERSION = YES;
				CLANG_WARN_INT_CONVERSION = YES;
				CLANG_WARN_OBJC_ROOT_CLASS = YES_ERROR;
				CLANG_WARN_UNREACHABLE_CODE = YES;
				CLANG_WARN__DUPLICATE_METHOD_MATCH = YES;
				"CODE_SIGN_IDENTITY[sdk=iphoneos*]" = "iPhone Developer";
				COPY_PHASE_STRIP = NO;
				DEBUG_INFORMATION_FORMAT = "dwarf-with-dsym";
				ENABLE_NS_ASSERTIONS = NO;
				ENABLE_STRICT_OBJC_MSGSEND = YES;
				GCC_C_LANGUAGE_STANDARD = gnu99;
				GCC_NO_COMMON_BLOCKS = YES;
				GCC_WARN_64_TO_32_BIT_CONVERSION = YES;
				GCC_WARN_ABOUT_RETURN_TYPE = YES_ERROR;
				GCC_WARN_UNDECLARED_SELECTOR = YES;
				GCC_WARN_UNINITIALIZED_AUTOS = YES_AGGRESSIVE;
				GCC_WARN_UNUSED_FUNCTION = YES;
				GCC_WARN_UNUSED_VARIABLE = YES;
				IPHONEOS_DEPLOYMENT_TARGET = 9.0;
				MTL_ENABLE_DEBUG_INFO = NO;
				SDKROOT = iphoneos;
				TARGETED_DEVICE_FAMILY = "1,2";
				VALIDATE_PRODUCT = YES;
			};
			name = Release;
		};
		3D5B28FB1BD1867C0082AF4F /* Debug */ = {
			isa = XCBuildConfiguration;
			buildSettings = {
				ASSETCATALOG_COMPILER_APPICON_NAME = AppIcon;
				INFOPLIST_FILE = PollzV1/Info.plist;
				LD_RUNPATH_SEARCH_PATHS = "$(inherited) @executable_path/Frameworks";
				PRODUCT_BUNDLE_IDENTIFIER = JakeLeventhal.PollzV1;
				PRODUCT_NAME = "$(TARGET_NAME)";
			};
			name = Debug;
		};
		3D5B28FC1BD1867C0082AF4F /* Release */ = {
			isa = XCBuildConfiguration;
			buildSettings = {
				ASSETCATALOG_COMPILER_APPICON_NAME = AppIcon;
				INFOPLIST_FILE = PollzV1/Info.plist;
				LD_RUNPATH_SEARCH_PATHS = "$(inherited) @executable_path/Frameworks";
				PRODUCT_BUNDLE_IDENTIFIER = JakeLeventhal.PollzV1;
				PRODUCT_NAME = "$(TARGET_NAME)";
			};
			name = Release;
		};
		3D5B28FE1BD1867C0082AF4F /* Debug */ = {
			isa = XCBuildConfiguration;
			buildSettings = {
				BUNDLE_LOADER = "$(TEST_HOST)";
				INFOPLIST_FILE = PollzV1Tests/Info.plist;
				LD_RUNPATH_SEARCH_PATHS = "$(inherited) @executable_path/Frameworks @loader_path/Frameworks";
				PRODUCT_BUNDLE_IDENTIFIER = JakeLeventhal.PollzV1Tests;
				PRODUCT_NAME = "$(TARGET_NAME)";
				TEST_HOST = "$(BUILT_PRODUCTS_DIR)/PollzV1.app/PollzV1";
			};
			name = Debug;
		};
		3D5B28FF1BD1867C0082AF4F /* Release */ = {
			isa = XCBuildConfiguration;
			buildSettings = {
				BUNDLE_LOADER = "$(TEST_HOST)";
				INFOPLIST_FILE = PollzV1Tests/Info.plist;
				LD_RUNPATH_SEARCH_PATHS = "$(inherited) @executable_path/Frameworks @loader_path/Frameworks";
				PRODUCT_BUNDLE_IDENTIFIER = JakeLeventhal.PollzV1Tests;
				PRODUCT_NAME = "$(TARGET_NAME)";
				TEST_HOST = "$(BUILT_PRODUCTS_DIR)/PollzV1.app/PollzV1";
			};
			name = Release;
		};
		3D5B29011BD1867C0082AF4F /* Debug */ = {
			isa = XCBuildConfiguration;
			buildSettings = {
				INFOPLIST_FILE = PollzV1UITests/Info.plist;
				LD_RUNPATH_SEARCH_PATHS = "$(inherited) @executable_path/Frameworks @loader_path/Frameworks";
				PRODUCT_BUNDLE_IDENTIFIER = JakeLeventhal.PollzV1UITests;
				PRODUCT_NAME = "$(TARGET_NAME)";
				TEST_TARGET_NAME = PollzV1;
				USES_XCTRUNNER = YES;
			};
			name = Debug;
		};
		3D5B29021BD1867C0082AF4F /* Release */ = {
			isa = XCBuildConfiguration;
			buildSettings = {
				INFOPLIST_FILE = PollzV1UITests/Info.plist;
				LD_RUNPATH_SEARCH_PATHS = "$(inherited) @executable_path/Frameworks @loader_path/Frameworks";
				PRODUCT_BUNDLE_IDENTIFIER = JakeLeventhal.PollzV1UITests;
				PRODUCT_NAME = "$(TARGET_NAME)";
				TEST_TARGET_NAME = PollzV1;
				USES_XCTRUNNER = YES;
			};
			name = Release;
		};
/* End XCBuildConfiguration section */

/* Begin XCConfigurationList section */
		3D5B28CD1BD1867B0082AF4F /* Build configuration list for PBXProject "PollzV1" */ = {
			isa = XCConfigurationList;
			buildConfigurations = (
				3D5B28F81BD1867C0082AF4F /* Debug */,
				3D5B28F91BD1867C0082AF4F /* Release */,
			);
			defaultConfigurationIsVisible = 0;
			defaultConfigurationName = Release;
		};
		3D5B28FA1BD1867C0082AF4F /* Build configuration list for PBXNativeTarget "PollzV1" */ = {
			isa = XCConfigurationList;
			buildConfigurations = (
				3D5B28FB1BD1867C0082AF4F /* Debug */,
				3D5B28FC1BD1867C0082AF4F /* Release */,
			);
			defaultConfigurationIsVisible = 0;
		};
		3D5B28FD1BD1867C0082AF4F /* Build configuration list for PBXNativeTarget "PollzV1Tests" */ = {
			isa = XCConfigurationList;
			buildConfigurations = (
				3D5B28FE1BD1867C0082AF4F /* Debug */,
				3D5B28FF1BD1867C0082AF4F /* Release */,
			);
			defaultConfigurationIsVisible = 0;
		};
		3D5B29001BD1867C0082AF4F /* Build configuration list for PBXNativeTarget "PollzV1UITests" */ = {
			isa = XCConfigurationList;
			buildConfigurations = (
				3D5B29011BD1867C0082AF4F /* Debug */,
				3D5B29021BD1867C0082AF4F /* Release */,
			);
			defaultConfigurationIsVisible = 0;
		};
/* End XCConfigurationList section */
	};
	rootObject = 3D5B28CA1BD1867B0082AF4F /* Project object */;
}
